
Microsoft Visual Studio Solution File, Format Version 12.00
# Visual Studio 2012
Project("{FAE04EC0-301F-11D3-BF4B-00C04F79EFBC}") = "idevice-test", "idevice-test\idevice-test.csproj", "{CA1851DB-5954-4D96-8C5B-77050D1B0E71}"
EndProject
Global
	GlobalSection(SolutionConfigurationPlatforms) = preSolution
		Debug|Any CPU = Debug|Any CPU
		Release|Any CPU = Release|Any CPU
	EndGlobalSection
	GlobalSection(ProjectConfigurationPlatforms) = postSolution
		{CA1851DB-5954-4D96-8C5B-77050D1B0E71}.Debug|Any CPU.ActiveCfg = Debug|Any CPU
		{CA1851DB-5954-4D96-8C5B-77050D1B0E71}.Debug|Any CPU.Build.0 = Debug|Any CPU
		{CA1851DB-5954-4D96-8C5B-77050D1B0E71}.Release|Any CPU.ActiveCfg = Release|Any CPU
		{CA1851DB-5954-4D96-8C5B-77050D1B0E71}.Release|Any CPU.Build.0 = Release|Any CPU
	EndGlobalSection
	GlobalSection(SolutionProperties) = preSolution
		HideSolutionNode = FALSE
	EndGlobalSection
EndGlobal
